# This file is automatically @generated by Cargo.
# It is not intended for manual editing.
version = 4

[[package]]
name = "aarch64"
version = "0.1.0"

[[package]]
name = "kernel"
version = "0.1.0"
dependencies = [
 "aarch64",
 "rpi3",
]

[[package]]
name = "rpi3"
version = "0.1.0"
dependencies = [
 "aarch64",
]
